
Microsoft Visual Studio Solution File, Format Version 12.00
# Visual Studio Version 17
VisualStudioVersion = 17.4.33213.308
MinimumVisualStudioVersion = 10.0.40219.1
Project("{8BC9CEB8-8B4A-11D0-8D11-00A0C91BC942}") = "Lab OP 1.1 23", "Lab OP 1.1 23\Lab OP 1.1 23.vcxproj", "{C5149F55-F2D6-4F48-83C9-429BB7DF6A12}"
EndProject
Global
	GlobalSection(SolutionConfigurationPlatforms) = preSolution
		Debug|x64 = Debug|x64
		Debug|x86 = Debug|x86
		Release|x64 = Release|x64
		Release|x86 = Release|x86
	EndGlobalSection
	GlobalSection(ProjectConfigurationPlatforms) = postSolution
		{C5149F55-F2D6-4F48-83C9-429BB7DF6A12}.Debug|x64.ActiveCfg = Debug|x64
		{C5149F55-F2D6-4F48-83C9-429BB7DF6A12}.Debug|x64.Build.0 = Debug|x64
		{C5149F55-F2D6-4F48-83C9-429BB7DF6A12}.Debug|x86.ActiveCfg = Debug|Win32
		{C5149F55-F2D6-4F48-83C9-429BB7DF6A12}.Debug|x86.Build.0 = Debug|Win32
		{C5149F55-F2D6-4F48-83C9-429BB7DF6A12}.Release|x64.ActiveCfg = Release|x64
		{C5149F55-F2D6-4F48-83C9-429BB7DF6A12}.Release|x64.Build.0 = Release|x64
		{C5149F55-F2D6-4F48-83C9-429BB7DF6A12}.Release|x86.ActiveCfg = Release|Win32
		{C5149F55-F2D6-4F48-83C9-429BB7DF6A12}.Release|x86.Build.0 = Release|Win32
	EndGlobalSection
	GlobalSection(SolutionProperties) = preSolution
		HideSolutionNode = FALSE
	EndGlobalSection
	GlobalSection(ExtensibilityGlobals) = postSolution
		SolutionGuid = {472532C3-DD0C-4B82-9E72-340C9A2E907D}
	EndGlobalSection
EndGlobal
